
Microsoft Visual Studio Solution File, Format Version 12.00
# Visual Studio Version 17
VisualStudioVersion = 17.3.32825.248
MinimumVisualStudioVersion = 10.0.40219.1
Project("{FAE04EC0-301F-11D3-BF4B-00C04F79EFBC}") = "QuanLyTruongHoc", "QuanLyTruongHoc\QuanLyTruongHoc.csproj", "{D648BFA7-1E4E-42BC-BDD7-265C891B4EC4}"
EndProject
Global
	GlobalSection(SolutionConfigurationPlatforms) = preSolution
		Debug|Any CPU = Debug|Any CPU
		Release|Any CPU = Release|Any CPU
	EndGlobalSection
	GlobalSection(ProjectConfigurationPlatforms) = postSolution
		{D648BFA7-1E4E-42BC-BDD7-265C891B4EC4}.Debug|Any CPU.ActiveCfg = Debug|Any CPU
		{D648BFA7-1E4E-42BC-BDD7-265C891B4EC4}.Debug|Any CPU.Build.0 = Debug|Any CPU
		{D648BFA7-1E4E-42BC-BDD7-265C891B4EC4}.Release|Any CPU.ActiveCfg = Release|Any CPU
		{D648BFA7-1E4E-42BC-BDD7-265C891B4EC4}.Release|Any CPU.Build.0 = Release|Any CPU
	EndGlobalSection
	GlobalSection(SolutionProperties) = preSolution
		HideSolutionNode = FALSE
	EndGlobalSection
	GlobalSection(ExtensibilityGlobals) = postSolution
		SolutionGuid = {953757F6-3DA3-4F2D-8FF7-6BC36B89B461}
	EndGlobalSection
EndGlobal
